# THIS IS AN AUTOGENERATED FILE. DO NOT EDIT THIS FILE DIRECTLY.
# yarn lockfile v1


"@babel/runtime@^7.10.5", "@babel/runtime@^7.4.4":
  version "7.12.1"
  resolved "https://registry.npm.taobao.org/@babel/runtime/download/@babel/runtime-7.12.1.tgz?cache=0&sync_timestamp=1602800379413&other_urls=https%3A%2F%2Fregistry.npm.taobao.org%2F%40babel%2Fruntime%2Fdownload%2F%40babel%2Fruntime-7.12.1.tgz#b4116a6b6711d010b2dad3b7b6e43bf1b9954740"
  integrity sha1-tBFqa2cR0BCy2tO3tuQ78bmVR0A=
  dependencies:
    regenerator-runtime "^0.13.4"

"@material-ui/icons@^4.9.1":
  version "4.9.1"
  resolved "https://registry.npm.taobao.org/@material-ui/icons/download/@material-ui/icons-4.9.1.tgz#fdeadf8cb3d89208945b33dbc50c7c616d0bd665"
  integrity sha1-/erfjLPYkgiUWzPbxQx8YW0L1mU=
  dependencies:
    "@babel/runtime" "^7.4.4"

deepmerge@^2.1.1:
  version "2.2.1"
  resolved "https://registry.npm.taobao.org/deepmerge/download/deepmerge-2.2.1.tgz#5d3ff22a01c00f645405a2fbc17d0778a1801170"
  integrity sha1-XT/yKgHAD2RUBaL7wX0HeKGAEXA=

fn-name@~3.0.0:
  version "3.0.0"
  resolved "https://registry.npm.taobao.org/fn-name/download/fn-name-3.0.0.tgz#0596707f635929634d791f452309ab41558e3c5c"
  integrity sha1-BZZwf2NZKWNNeR9FIwmrQVWOPFw=

formik@^2.2.1:
  version "2.2.1"
  resolved "https://registry.npm.taobao.org/formik/download/formik-2.2.1.tgz#e09747569e44ffc17263541d2e732cc6568208dc"
  integrity sha1-4JdHVp5E/8FyY1QdLnMsxlaCCNw=
  dependencies:
    deepmerge "^2.1.1"
    hoist-non-react-statics "^3.3.0"
    lodash "^4.17.14"
    lodash-es "^4.17.14"
    react-fast-compare "^2.0.1"
    scheduler "^0.18.0"
    tiny-warning "^1.0.2"
    tslib "^1.10.0"

hoist-non-react-statics@^3.3.0:
  version "3.3.2"
  resolved "https://registry.npm.taobao.org/hoist-non-react-statics/download/hoist-non-react-statics-3.3.2.tgz?cache=0&sync_timestamp=1589806086077&other_urls=https%3A%2F%2Fregistry.npm.taobao.org%2Fhoist-non-react-statics%2Fdownload%2Fhoist-non-react-statics-3.3.2.tgz#ece0acaf71d62c2969c2ec59feff42a4b1a85b45"
  integrity sha1-7OCsr3HWLClpwuxZ/v9CpLGoW0U=
  dependencies:
    react-is "^16.7.0"

"js-tokens@^3.0.0 || ^4.0.0":
  version "4.0.0"
  resolved "https://registry.npm.taobao.org/js-tokens/download/js-tokens-4.0.0.tgz#19203fb59991df98e3a287050d4647cdeaf32499"
  integrity sha1-GSA/tZmR35jjoocFDUZHzerzJJk=

lodash-es@^4.17.11, lodash-es@^4.17.14:
  version "4.17.15"
  resolved "https://registry.npm.taobao.org/lodash-es/download/lodash-es-4.17.15.tgz#21bd96839354412f23d7a10340e5eac6ee455d78"
  integrity sha1-Ib2Wg5NUQS8j16EDQOXqxu5FXXg=

lodash@^4.17.14, lodash@^4.17.15:
  version "4.17.20"
  resolved "https://registry.npm.taobao.org/lodash/download/lodash-4.17.20.tgz#b44a9b6297bcb698f1c51a3545a2b3b368d59c52"
  integrity sha1-tEqbYpe8tpjxxRo1RaKzs2jVnFI=

loose-envify@^1.1.0:
  version "1.4.0"
  resolved "https://registry.npm.taobao.org/loose-envify/download/loose-envify-1.4.0.tgz#71ee51fa7be4caec1a63839f7e682d8132d30caf"
  integrity sha1-ce5R+nvkyuwaY4OffmgtgTLTDK8=
  dependencies:
    js-tokens "^3.0.0 || ^4.0.0"

object-assign@^4.1.1:
  version "4.1.1"
  resolved "https://registry.npm.taobao.org/object-assign/download/object-assign-4.1.1.tgz#2109adc7965887cfc05cbbd442cac8bfbb360863"
  integrity sha1-IQmtx5ZYh8/AXLvUQsrIv7s2CGM=

property-expr@^2.0.2:
  version "2.0.4"
  resolved "https://registry.npm.taobao.org/property-expr/download/property-expr-2.0.4.tgz#37b925478e58965031bb612ec5b3260f8241e910"
  integrity sha1-N7klR45YllAxu2EuxbMmD4JB6RA=

react-fast-compare@^2.0.1:
  version "2.0.4"
  resolved "https://registry.npm.taobao.org/react-fast-compare/download/react-fast-compare-2.0.4.tgz#e84b4d455b0fec113e0402c329352715196f81f9"
  integrity sha1-6EtNRVsP7BE+BALDKTUnFRlvgfk=

react-is@^16.7.0:
  version "16.13.1"
  resolved "https://registry.npm.taobao.org/react-is/download/react-is-16.13.1.tgz?cache=0&sync_timestamp=1603367576715&other_urls=https%3A%2F%2Fregistry.npm.taobao.org%2Freact-is%2Fdownload%2Freact-is-16.13.1.tgz#789729a4dc36de2999dc156dd6c1d9c18cea56a4"
  integrity sha1-eJcppNw23imZ3BVt1sHZwYzqVqQ=

regenerator-runtime@^0.13.4:
  version "0.13.7"
  resolved "https://registry.npm.taobao.org/regenerator-runtime/download/regenerator-runtime-0.13.7.tgz?cache=0&sync_timestamp=1595456367497&other_urls=https%3A%2F%2Fregistry.npm.taobao.org%2Fregenerator-runtime%2Fdownload%2Fregenerator-runtime-0.13.7.tgz#cac2dacc8a1ea675feaabaeb8ae833898ae46f55"
  integrity sha1-ysLazIoepnX+qrrriugziYrkb1U=

scheduler@^0.18.0:
  version "0.18.0"
  resolved "https://registry.npm.taobao.org/scheduler/download/scheduler-0.18.0.tgz?cache=0&sync_timestamp=1603367591660&other_urls=https%3A%2F%2Fregistry.npm.taobao.org%2Fscheduler%2Fdownload%2Fscheduler-0.18.0.tgz#5901ad6659bc1d8f3fdaf36eb7a67b0d6746b1c4"
  integrity sha1-WQGtZlm8HY8/2vNut6Z7DWdGscQ=
  dependencies:
    loose-envify "^1.1.0"
    object-assign "^4.1.1"

synchronous-promise@^2.0.13:
  version "2.0.15"
  resolved "https://registry.npm.taobao.org/synchronous-promise/download/synchronous-promise-2.0.15.tgz?cache=0&sync_timestamp=1602162524871&other_urls=https%3A%2F%2Fregistry.npm.taobao.org%2Fsynchronous-promise%2Fdownload%2Fsynchronous-promise-2.0.15.tgz#07ca1822b9de0001f5ff73595f3d08c4f720eb8e"
  integrity sha1-B8oYIrneAAH1/3NZXz0IxPcg644=

tiny-warning@^1.0.2:
  version "1.0.3"
  resolved "https://registry.npm.taobao.org/tiny-warning/download/tiny-warning-1.0.3.tgz#94a30db453df4c643d0fd566060d60a875d84754"
  integrity sha1-lKMNtFPfTGQ9D9VmBg1gqHXYR1Q=

toposort@^2.0.2:
  version "2.0.2"
  resolved "https://registry.npm.taobao.org/toposort/download/toposort-2.0.2.tgz#ae21768175d1559d48bef35420b2f4962f09c330"
  integrity sha1-riF2gXXRVZ1IvvNUILL0li8JwzA=

tslib@^1.10.0:
  version "1.14.1"
  resolved "https://registry.npm.taobao.org/tslib/download/tslib-1.14.1.tgz#cf2d38bdc34a134bcaf1091c41f6619e2f672d00"
  integrity sha1-zy04vcNKE0vK8QkcQfZhni9nLQA=

typescript@^4.0.5:
  version "4.0.5"
  resolved "https://registry.npm.taobao.org/typescript/download/typescript-4.0.5.tgz?cache=0&sync_timestamp=1603781479654&other_urls=https%3A%2F%2Fregistry.npm.taobao.org%2Ftypescript%2Fdownload%2Ftypescript-4.0.5.tgz#ae9dddfd1069f1cb5beb3ef3b2170dd7c1332389"
  integrity sha1-rp3d/RBp8ctb6z7zshcN18EzI4k=

yup@^0.29.3:
  version "0.29.3"
  resolved "https://registry.npm.taobao.org/yup/download/yup-0.29.3.tgz?cache=0&sync_timestamp=1596545302205&other_urls=https%3A%2F%2Fregistry.npm.taobao.org%2Fyup%2Fdownload%2Fyup-0.29.3.tgz#69a30fd3f1c19f5d9e31b1cf1c2b851ce8045fea"
  integrity sha1-aaMP0/HBn12eMbHPHCuFHOgEX+o=
  dependencies:
    "@babel/runtime" "^7.10.5"
    fn-name "~3.0.0"
    lodash "^4.17.15"
    lodash-es "^4.17.11"
    property-expr "^2.0.2"
    synchronous-promise "^2.0.13"
    toposort "^2.0.2"
